
Microsoft Visual Studio Solution File, Format Version 12.00
# Visual Studio Version 17
VisualStudioVersion = 17.3.32819.101
MinimumVisualStudioVersion = 10.0.40219.1
Project("{8BC9CEB8-8B4A-11D0-8D11-00A0C91BC942}") = "N-body problem GPU", "N-body problem GPU\N-body problem GPU.vcxproj", "{F1AD11B0-3CFF-4557-BD66-05B410DFBA4B}"
EndProject
Global
	GlobalSection(SolutionConfigurationPlatforms) = preSolution
		Debug|x64 = Debug|x64
		Debug|x86 = Debug|x86
		Release|x64 = Release|x64
		Release|x86 = Release|x86
	EndGlobalSection
	GlobalSection(ProjectConfigurationPlatforms) = postSolution
		{F1AD11B0-3CFF-4557-BD66-05B410DFBA4B}.Debug|x64.ActiveCfg = Debug|x64
		{F1AD11B0-3CFF-4557-BD66-05B410DFBA4B}.Debug|x64.Build.0 = Debug|x64
		{F1AD11B0-3CFF-4557-BD66-05B410DFBA4B}.Debug|x86.ActiveCfg = Debug|Win32
		{F1AD11B0-3CFF-4557-BD66-05B410DFBA4B}.Debug|x86.Build.0 = Debug|Win32
		{F1AD11B0-3CFF-4557-BD66-05B410DFBA4B}.Release|x64.ActiveCfg = Release|x64
		{F1AD11B0-3CFF-4557-BD66-05B410DFBA4B}.Release|x64.Build.0 = Release|x64
		{F1AD11B0-3CFF-4557-BD66-05B410DFBA4B}.Release|x86.ActiveCfg = Release|Win32
		{F1AD11B0-3CFF-4557-BD66-05B410DFBA4B}.Release|x86.Build.0 = Release|Win32
	EndGlobalSection
	GlobalSection(SolutionProperties) = preSolution
		HideSolutionNode = FALSE
	EndGlobalSection
	GlobalSection(ExtensibilityGlobals) = postSolution
		SolutionGuid = {0B5DC892-C904-44E6-8276-9402111E86CC}
	EndGlobalSection
EndGlobal
